{
	"name": "studentrepository_function",
	"version": "1.0.0",
	"lockfileVersion": 2,
	"requires": true,
	"packages": {
		"": {
			"name": "studentrepository_function",
			"version": "1.0.0",
			"dependencies": {
				"zcatalyst-sdk-node": "latest",
				"axios": "^0.21.0",
				"bcryptjs": "^2.4.3",
				"client": "file:client",
				"config": "^3.3.3",
				"dotenv": "^16.0.2",
				"express": "^4.17.1",
				"express-validator": "^6.8.1",
				"gravatar": "^1.8.1",
				"jsonwebtoken": "^8.5.1",
				"mongoose": "^5.11.8",
				"normalize-url": "^5.3.0"
			},
			"client": {
			  "version": "0.1.0",
			  "dependencies": {
				"react": "^17.0.2",
				"react-dom": "^17.0.2",
				"react-redux": "^7.2.6",
				"react-router-dom": "^6.0.2",
				"react-scripts": "4.0.3",
				"redux": "^4.1.2",
				"redux-devtools-extension": "^2.13.9",
				"redux-thunk": "^2.4.0",
				"uuid": "^8.3.2"
			  }
			},
			"devDependencies": {
			  "concurrently": "^5.3.0",
			  "nodemon": "^2.0.6"
			}
		},
		"node_modules/zcatalyst-sdk-node": {
			"version": "2.2.1",
			"resolved": "https://registry.npmjs.org/zcatalyst-sdk-node/-/zcatalyst-sdk-node-2.2.1.tgz",
			"integrity": "sha512-1pDSshhejxc9OeNgteUM9kkqDsKBL+1dyyUBtsL5tzI8cuzS/pPhdNPMEkmZru/x7+LlgJQnt59Ti/CYlBqrww==",
			"engines": {
				"node": ">=10.0.0"
			}
		}
	},
	"dependencies": {
		"zcatalyst-sdk-node": {
			"version": "2.2.1",
			"resolved": "https://registry.npmjs.org/zcatalyst-sdk-node/-/zcatalyst-sdk-node-2.2.1.tgz",
			"integrity": "sha512-1pDSshhejxc9OeNgteUM9kkqDsKBL+1dyyUBtsL5tzI8cuzS/pPhdNPMEkmZru/x7+LlgJQnt59Ti/CYlBqrww=="
		}
	}
}
